
Microsoft Visual Studio Solution File, Format Version 12.00
# Visual Studio Version 17
VisualStudioVersion = 17.0.32112.339
MinimumVisualStudioVersion = 10.0.40219.1
Project("{FAE04EC0-301F-11D3-BF4B-00C04F79EFBC}") = "EdgeHtmlToPng", "EdgeHtmlToPng.csproj", "{93CF9F63-C98A-4E43-84B9-2D835826B7CE}"
EndProject
Global
	GlobalSection(SolutionConfigurationPlatforms) = preSolution
		Debug|Any CPU = Debug|Any CPU
		Release|Any CPU = Release|Any CPU
	EndGlobalSection
	GlobalSection(ProjectConfigurationPlatforms) = postSolution
		{93CF9F63-C98A-4E43-84B9-2D835826B7CE}.Debug|Any CPU.ActiveCfg = Debug|Any CPU
		{93CF9F63-C98A-4E43-84B9-2D835826B7CE}.Debug|Any CPU.Build.0 = Debug|Any CPU
		{93CF9F63-C98A-4E43-84B9-2D835826B7CE}.Release|Any CPU.ActiveCfg = Release|Any CPU
		{93CF9F63-C98A-4E43-84B9-2D835826B7CE}.Release|Any CPU.Build.0 = Release|Any CPU
	EndGlobalSection
	GlobalSection(SolutionProperties) = preSolution
		HideSolutionNode = FALSE
	EndGlobalSection
	GlobalSection(ExtensibilityGlobals) = postSolution
		SolutionGuid = {7FFCF419-1C95-4E30-84A9-F8143AE4C740}
	EndGlobalSection
EndGlobal
